
Microsoft Visual Studio Solution File, Format Version 12.00
# Visual Studio Version 16
VisualStudioVersion = 16.0.30907.101
MinimumVisualStudioVersion = 10.0.40219.1
Project("{2150E333-8FDC-42A3-9474-1A3956D46DE8}") = "src", "src", "{0B3A971E-A7C9-472A-9520-8774DF5D0C59}"
EndProject
Project("{2150E333-8FDC-42A3-9474-1A3956D46DE8}") = "tests", "tests", "{4CB96FF3-41AC-48B4-82A4-4CB44FD53971}"
EndProject
Project("{FAE04EC0-301F-11D3-BF4B-00C04F79EFBC}") = "Hahn.ApplicationProcess.December2020.Web", "Hahn.ApplicationProcess.December2020.Web\Hahn.ApplicationProcess.December2020.Web.csproj", "{E33CEB31-2BE8-48DF-9587-41C4AB59F3D1}"
EndProject
Project("{FAE04EC0-301F-11D3-BF4B-00C04F79EFBC}") = "Hahn.ApplicationProcess.December2020.Data", "Hahn.ApplicationProcess.December2020.Data\Hahn.ApplicationProcess.December2020.Data.csproj", "{5C4F1AC0-4F47-4A79-9F79-86B97C0DE2FE}"
EndProject
Project("{FAE04EC0-301F-11D3-BF4B-00C04F79EFBC}") = "Hahn.ApplicationProcess.December2020.Domain", "Hahn.ApplicationProcess.December2020.Domain\Hahn.ApplicationProcess.December2020.Domain.csproj", "{1B05B604-219D-4198-9AAC-1C97BB2F628C}"
EndProject
Project("{FAE04EC0-301F-11D3-BF4B-00C04F79EFBC}") = "Hahn.ApplicationProcess.December2020.Web.Tests", "Hahn.ApplicationProcess.December2020.Web.Tests\Hahn.ApplicationProcess.December2020.Web.Tests.csproj", "{47274987-6F3A-4456-B24A-188BCC57FC4C}"
EndProject
Project("{FAE04EC0-301F-11D3-BF4B-00C04F79EFBC}") = "Hahn.ApplicationProcess.December2020.Data.Tests", "Hahn.ApplicationProcess.December2020.Data.Tests\Hahn.ApplicationProcess.December2020.Data.Tests.csproj", "{77BAF0E3-CA70-40FE-AAE8-4FCB814E0B99}"
EndProject
Project("{FAE04EC0-301F-11D3-BF4B-00C04F79EFBC}") = "Hahn.ApplicationProcess.December2020.Domain.Tests", "Hahn.ApplicationProcess.December2020.Domain.Tests\Hahn.ApplicationProcess.December2020.Domain.Tests.csproj", "{43537697-A442-4173-95B5-70B5F292B77B}"
EndProject
Global
	GlobalSection(SolutionConfigurationPlatforms) = preSolution
		Debug|Any CPU = Debug|Any CPU
		Release|Any CPU = Release|Any CPU
	EndGlobalSection
	GlobalSection(ProjectConfigurationPlatforms) = postSolution
		{E33CEB31-2BE8-48DF-9587-41C4AB59F3D1}.Debug|Any CPU.ActiveCfg = Debug|Any CPU
		{E33CEB31-2BE8-48DF-9587-41C4AB59F3D1}.Debug|Any CPU.Build.0 = Debug|Any CPU
		{E33CEB31-2BE8-48DF-9587-41C4AB59F3D1}.Release|Any CPU.ActiveCfg = Release|Any CPU
		{E33CEB31-2BE8-48DF-9587-41C4AB59F3D1}.Release|Any CPU.Build.0 = Release|Any CPU
		{5C4F1AC0-4F47-4A79-9F79-86B97C0DE2FE}.Debug|Any CPU.ActiveCfg = Debug|Any CPU
		{5C4F1AC0-4F47-4A79-9F79-86B97C0DE2FE}.Debug|Any CPU.Build.0 = Debug|Any CPU
		{5C4F1AC0-4F47-4A79-9F79-86B97C0DE2FE}.Release|Any CPU.ActiveCfg = Release|Any CPU
		{5C4F1AC0-4F47-4A79-9F79-86B97C0DE2FE}.Release|Any CPU.Build.0 = Release|Any CPU
		{1B05B604-219D-4198-9AAC-1C97BB2F628C}.Debug|Any CPU.ActiveCfg = Debug|Any CPU
		{1B05B604-219D-4198-9AAC-1C97BB2F628C}.Debug|Any CPU.Build.0 = Debug|Any CPU
		{1B05B604-219D-4198-9AAC-1C97BB2F628C}.Release|Any CPU.ActiveCfg = Release|Any CPU
		{1B05B604-219D-4198-9AAC-1C97BB2F628C}.Release|Any CPU.Build.0 = Release|Any CPU
		{47274987-6F3A-4456-B24A-188BCC57FC4C}.Debug|Any CPU.ActiveCfg = Debug|Any CPU
		{47274987-6F3A-4456-B24A-188BCC57FC4C}.Debug|Any CPU.Build.0 = Debug|Any CPU
		{47274987-6F3A-4456-B24A-188BCC57FC4C}.Release|Any CPU.ActiveCfg = Release|Any CPU
		{47274987-6F3A-4456-B24A-188BCC57FC4C}.Release|Any CPU.Build.0 = Release|Any CPU
		{77BAF0E3-CA70-40FE-AAE8-4FCB814E0B99}.Debug|Any CPU.ActiveCfg = Debug|Any CPU
		{77BAF0E3-CA70-40FE-AAE8-4FCB814E0B99}.Debug|Any CPU.Build.0 = Debug|Any CPU
		{77BAF0E3-CA70-40FE-AAE8-4FCB814E0B99}.Release|Any CPU.ActiveCfg = Release|Any CPU
		{77BAF0E3-CA70-40FE-AAE8-4FCB814E0B99}.Release|Any CPU.Build.0 = Release|Any CPU
		{43537697-A442-4173-95B5-70B5F292B77B}.Debug|Any CPU.ActiveCfg = Debug|Any CPU
		{43537697-A442-4173-95B5-70B5F292B77B}.Debug|Any CPU.Build.0 = Debug|Any CPU
		{43537697-A442-4173-95B5-70B5F292B77B}.Release|Any CPU.ActiveCfg = Release|Any CPU
		{43537697-A442-4173-95B5-70B5F292B77B}.Release|Any CPU.Build.0 = Release|Any CPU
	EndGlobalSection
	GlobalSection(SolutionProperties) = preSolution
		HideSolutionNode = FALSE
	EndGlobalSection
	GlobalSection(NestedProjects) = preSolution
		{E33CEB31-2BE8-48DF-9587-41C4AB59F3D1} = {0B3A971E-A7C9-472A-9520-8774DF5D0C59}
		{5C4F1AC0-4F47-4A79-9F79-86B97C0DE2FE} = {0B3A971E-A7C9-472A-9520-8774DF5D0C59}
		{1B05B604-219D-4198-9AAC-1C97BB2F628C} = {0B3A971E-A7C9-472A-9520-8774DF5D0C59}
		{47274987-6F3A-4456-B24A-188BCC57FC4C} = {4CB96FF3-41AC-48B4-82A4-4CB44FD53971}
		{77BAF0E3-CA70-40FE-AAE8-4FCB814E0B99} = {4CB96FF3-41AC-48B4-82A4-4CB44FD53971}
		{43537697-A442-4173-95B5-70B5F292B77B} = {4CB96FF3-41AC-48B4-82A4-4CB44FD53971}
	EndGlobalSection
	GlobalSection(ExtensibilityGlobals) = postSolution
		SolutionGuid = {ED625A63-FBBC-4226-A151-BF285FBA6A91}
	EndGlobalSection
EndGlobal
